
Microsoft Visual Studio Solution File, Format Version 10.00
# Visual Studio 2008
Project("{FAE04EC0-301F-11D3-BF4B-00C04F79EFBC}") = "MvcContrib.XsltViewEngine", "src\MvcContrib.XsltViewEngine\MvcContrib.XsltViewEngine.csproj", "{ECE3422B-23DF-4405-9236-71E559F2D6FC}"
EndProject
Project("{FAE04EC0-301F-11D3-BF4B-00C04F79EFBC}") = "MvcContrib.XsltViewEngine.Tests", "src\MvcContrib.XsltViewEngine.Tests\MvcContrib.XsltViewEngine.Tests.csproj", "{3CDE6C57-30FB-4C3B-AC2C-1D22893BF2F7}"
EndProject
Global
	GlobalSection(SolutionConfigurationPlatforms) = preSolution
		Debug|Any CPU = Debug|Any CPU
		Release|Any CPU = Release|Any CPU
	EndGlobalSection
	GlobalSection(ProjectConfigurationPlatforms) = postSolution
		{ECE3422B-23DF-4405-9236-71E559F2D6FC}.Debug|Any CPU.ActiveCfg = Debug|Any CPU
		{ECE3422B-23DF-4405-9236-71E559F2D6FC}.Debug|Any CPU.Build.0 = Debug|Any CPU
		{ECE3422B-23DF-4405-9236-71E559F2D6FC}.Release|Any CPU.ActiveCfg = Release|Any CPU
		{ECE3422B-23DF-4405-9236-71E559F2D6FC}.Release|Any CPU.Build.0 = Release|Any CPU
		{3CDE6C57-30FB-4C3B-AC2C-1D22893BF2F7}.Debug|Any CPU.ActiveCfg = Debug|Any CPU
		{3CDE6C57-30FB-4C3B-AC2C-1D22893BF2F7}.Debug|Any CPU.Build.0 = Debug|Any CPU
		{3CDE6C57-30FB-4C3B-AC2C-1D22893BF2F7}.Release|Any CPU.ActiveCfg = Release|Any CPU
		{3CDE6C57-30FB-4C3B-AC2C-1D22893BF2F7}.Release|Any CPU.Build.0 = Release|Any CPU
	EndGlobalSection
	GlobalSection(SolutionProperties) = preSolution
		HideSolutionNode = FALSE
	EndGlobalSection
EndGlobal
